
Microsoft Visual Studio Solution File, Format Version 12.00
# Visual Studio Version 17
VisualStudioVersion = 17.9.34728.123
MinimumVisualStudioVersion = 10.0.40219.1
Project("{9A19103F-16F7-4668-BE54-9A1E7A4F7556}") = "Codigo2024Clase21", "Codigo2024Clase21\Codigo2024Clase21.csproj", "{5A3040B3-A8FB-48CA-982E-2B248DF6E796}"
EndProject
Project("{FAE04EC0-301F-11D3-BF4B-00C04F79EFBC}") = "WPFDemo", "WPFDemo\WPFDemo.csproj", "{88DE8C63-04A3-4CA0-9266-3344E2432142}"
EndProject
Global
	GlobalSection(SolutionConfigurationPlatforms) = preSolution
		Debug|Any CPU = Debug|Any CPU
		Release|Any CPU = Release|Any CPU
	EndGlobalSection
	GlobalSection(ProjectConfigurationPlatforms) = postSolution
		{5A3040B3-A8FB-48CA-982E-2B248DF6E796}.Debug|Any CPU.ActiveCfg = Debug|Any CPU
		{5A3040B3-A8FB-48CA-982E-2B248DF6E796}.Debug|Any CPU.Build.0 = Debug|Any CPU
		{5A3040B3-A8FB-48CA-982E-2B248DF6E796}.Release|Any CPU.ActiveCfg = Release|Any CPU
		{5A3040B3-A8FB-48CA-982E-2B248DF6E796}.Release|Any CPU.Build.0 = Release|Any CPU
		{88DE8C63-04A3-4CA0-9266-3344E2432142}.Debug|Any CPU.ActiveCfg = Debug|Any CPU
		{88DE8C63-04A3-4CA0-9266-3344E2432142}.Debug|Any CPU.Build.0 = Debug|Any CPU
		{88DE8C63-04A3-4CA0-9266-3344E2432142}.Release|Any CPU.ActiveCfg = Release|Any CPU
		{88DE8C63-04A3-4CA0-9266-3344E2432142}.Release|Any CPU.Build.0 = Release|Any CPU
	EndGlobalSection
	GlobalSection(SolutionProperties) = preSolution
		HideSolutionNode = FALSE
	EndGlobalSection
	GlobalSection(ExtensibilityGlobals) = postSolution
		SolutionGuid = {67D6F156-BE11-4D0B-8584-1FDABA220B49}
	EndGlobalSection
EndGlobal
